{
  "nodes": {
    "home-manager": {
      "inputs": {
        "nixpkgs": "nixpkgs"
      },
      "locked": {
        "lastModified": 1744380363,
        "narHash": "sha256-cXjAUuAfQDPSLSsckZuTioQ986iqSPTzx8D7dLAcC+Q=",
        "owner": "nix-community",
        "repo": "home-manager",
        "rev": "e43c6bcb101ba3301522439c459288c4a248f624",
        "type": "github"
      },
      "original": {
        "id": "home-manager",
        "type": "indirect"
      }
    },
    "nixpkgs": {
      "locked": {
        "lastModified": 1744098102,
        "narHash": "sha256-tzCdyIJj9AjysC3OuKA+tMD/kDEDAF9mICPDU7ix0JA=",
        "owner": "NixOS",
        "repo": "nixpkgs",
        "rev": "c8cd81426f45942bb2906d5ed2fe21d2f19d95b7",
        "type": "github"
      },
      "original": {
        "owner": "NixOS",
        "ref": "nixos-unstable",
        "repo": "nixpkgs",
        "type": "github"
      }
    },
    "nixpkgs_2": {
      "locked": {
        "lastModified": 1744316434,
        "narHash": "sha256-lzFCg/1C39pyY2hMB2gcuHV79ozpOz/Vu15hdjiFOfI=",
        "owner": "NixOS",
        "repo": "nixpkgs",
        "rev": "d19cf9dfc633816a437204555afeb9e722386b76",
        "type": "github"
      },
      "original": {
        "id": "nixpkgs",
        "ref": "nixpkgs-unstable",
        "type": "indirect"
      }
    },
    "root": {
      "inputs": {
        "home-manager": "home-manager",
        "nixpkgs": "nixpkgs_2"
      }
    }
  },
  "root": "root",
  "version": 7
}
